
Microsoft Visual Studio Solution File, Format Version 12.00
# Visual Studio Version 17
VisualStudioVersion = 17.4.33205.214
MinimumVisualStudioVersion = 10.0.40219.1
Project("{FAE04EC0-301F-11D3-BF4B-00C04F79EFBC}") = "WebAPI", "WebAPI\WebAPI.csproj", "{DC3F5CB3-C1BA-464F-9C5D-45B382EC14FF}"
EndProject
Global
	GlobalSection(SolutionConfigurationPlatforms) = preSolution
		Debug|Any CPU = Debug|Any CPU
		Release|Any CPU = Release|Any CPU
	EndGlobalSection
	GlobalSection(ProjectConfigurationPlatforms) = postSolution
		{DC3F5CB3-C1BA-464F-9C5D-45B382EC14FF}.Debug|Any CPU.ActiveCfg = Debug|Any CPU
		{DC3F5CB3-C1BA-464F-9C5D-45B382EC14FF}.Debug|Any CPU.Build.0 = Debug|Any CPU
		{DC3F5CB3-C1BA-464F-9C5D-45B382EC14FF}.Release|Any CPU.ActiveCfg = Release|Any CPU
		{DC3F5CB3-C1BA-464F-9C5D-45B382EC14FF}.Release|Any CPU.Build.0 = Release|Any CPU
	EndGlobalSection
	GlobalSection(SolutionProperties) = preSolution
		HideSolutionNode = FALSE
	EndGlobalSection
	GlobalSection(ExtensibilityGlobals) = postSolution
		SolutionGuid = {EB919064-EE79-47AA-B708-CE5B433D62EC}
	EndGlobalSection
EndGlobal
